schema: '2.0'
stages:
  collection:
    cmd: python src/data_ingestion.py
    deps:
    - path: dataset/puf2022.xls
      hash: md5
      md5: 58b2e74f50b2a191617036cd4a5eac23
      size: 2330624
    - path: src/data_ingestion.py
      hash: md5
      md5: 9f9808cada7025e6ff6682b59f4c8f2a
      size: 1951
    params:
      params.yaml:
        data_ingestion.ingested_data_path: dataset/housing.csv
        data_ingestion.raw_data_path: dataset/puf2022.xls
        data_ingestion.sheet_name: PUF2022final
    outs:
    - path: dataset/housing.csv
      hash: md5
      md5: 9d47fead543f17fe0d997fb92d621ee5
      size: 590739
  preprocessing:
    cmd: python src/data_preprocessing.py
    deps:
    - path: dataset/housing.csv
      hash: md5
      md5: 9d47fead543f17fe0d997fb92d621ee5
      size: 590739
    - path: src/data_preprocessing.py
      hash: md5
      md5: 39570ececb80b1822a62d293953b0e7f
      size: 3568
    params:
      params.yaml:
        data_preprocessing.input_path: dataset/housing.csv
        data_preprocessing.output_path: data/processed/housing_processed.csv
        data_preprocessing.price_min_valid: 1000
        data_preprocessing.sqft_min_valid: 100
    outs:
    - path: data/processed/housing_processed.csv
      hash: md5
      md5: fb60261cc754f86fca67f16804de365c
      size: 164035
  features:
    cmd: python src/feature_engg.py
    deps:
    - path: data/processed/housing_processed.csv
      hash: md5
      md5: fb60261cc754f86fca67f16804de365c
      size: 164035
    - path: src/feature_engg.py
      hash: md5
      md5: 6af1e7924d41c501a02a829ee2255153
      size: 3553
    params:
      params.yaml:
        feature_engineering.input_path: data/processed/housing_processed.csv
        feature_engineering.random_state: 42
        feature_engineering.target_column: PRICE
        feature_engineering.test_path: data/features/test.csv
        feature_engineering.test_size: 0.2
        feature_engineering.train_path: data/features/train.csv
    outs:
    - path: data/features/test.csv
      hash: md5
      md5: 727cf983b1ee5f7b0885cf2c1825d40b
      size: 155875
    - path: data/features/train.csv
      hash: md5
      md5: b3d4522ff2548e267acd2588640a76d8
      size: 622416
  model_building:
    cmd: python src/model_training.py
    deps:
    - path: data/features/train.csv
      hash: md5
      md5: b3d4522ff2548e267acd2588640a76d8
      size: 622416
    - path: src/model_training.py
      hash: md5
      md5: 95d712d2aaa4a68e74c035e6877062dc
      size: 2719
    params:
      params.yaml:
        model_building.max_depth: 10
        model_building.min_samples_leaf: 25
        model_building.min_samples_split: 5
        model_building.model_path: models/model.pkl
        model_building.n_estimators: 500
        model_building.random_state: 42
        model_building.train_path: data/features/train.csv
    outs:
    - path: models/model.pkl
      hash: md5
      md5: 0a4716cc6dfc221553d89a5eb7a313ad
      size: 4413851
  model_evaluation:
    cmd: python src/model_eval.py
    deps:
    - path: data/features/test.csv
      hash: md5
      md5: 727cf983b1ee5f7b0885cf2c1825d40b
      size: 155875
    - path: models/model.pkl
      hash: md5
      md5: 0a4716cc6dfc221553d89a5eb7a313ad
      size: 4413851
    - path: src/model_eval.py
      hash: md5
      md5: 510b84cd65cfdd2f112ecbeb436fab17
      size: 2568
    params:
      params.yaml:
        model_evaluation.metrics_path: metrics/metrics.json
        model_evaluation.model_path: models/model.pkl
        model_evaluation.test_path: data/features/test.csv
    outs:
    - path: metrics/metrics.json
      hash: md5
      md5: c4aea334686e6e79d9b0e6fd3688b0b2
      size: 101
